
Microsoft Visual Studio Solution File, Format Version 12.00
# Visual Studio 15
VisualStudioVersion = 15.0.28010.2019
MinimumVisualStudioVersion = 10.0.40219.1
Project("{FAE04EC0-301F-11D3-BF4B-00C04F79EFBC}") = "FurnitureWPFApp", "FurnitureWPFApp\FurnitureWPFApp.csproj", "{778F9BC5-7BBE-40D6-959C-1B6AAE087D16}"
EndProject
Global
	GlobalSection(SolutionConfigurationPlatforms) = preSolution
		Debug|Any CPU = Debug|Any CPU
		Release|Any CPU = Release|Any CPU
	EndGlobalSection
	GlobalSection(ProjectConfigurationPlatforms) = postSolution
		{778F9BC5-7BBE-40D6-959C-1B6AAE087D16}.Debug|Any CPU.ActiveCfg = Debug|Any CPU
		{778F9BC5-7BBE-40D6-959C-1B6AAE087D16}.Debug|Any CPU.Build.0 = Debug|Any CPU
		{778F9BC5-7BBE-40D6-959C-1B6AAE087D16}.Release|Any CPU.ActiveCfg = Release|Any CPU
		{778F9BC5-7BBE-40D6-959C-1B6AAE087D16}.Release|Any CPU.Build.0 = Release|Any CPU
	EndGlobalSection
	GlobalSection(SolutionProperties) = preSolution
		HideSolutionNode = FALSE
	EndGlobalSection
	GlobalSection(ExtensibilityGlobals) = postSolution
		SolutionGuid = {9FD9325E-6970-45C5-9C6F-315AE3256AD8}
	EndGlobalSection
EndGlobal
